
Microsoft Visual Studio Solution File, Format Version 12.00
Project("{FAE04EC0-301F-11D3-BF4B-00C04F79EFBC}") = "GHelper", "GHelper.csproj", "{FFEC205E-082F-4FAA-84FA-42EB957B654D}"
EndProject
Global
	GlobalSection(SolutionConfigurationPlatforms) = preSolution
		Debug|Any CPU = Debug|Any CPU
		Release|Any CPU = Release|Any CPU
	EndGlobalSection
	GlobalSection(ProjectConfigurationPlatforms) = postSolution
		{FFEC205E-082F-4FAA-84FA-42EB957B654D}.Debug|Any CPU.ActiveCfg = Debug|Any CPU
		{FFEC205E-082F-4FAA-84FA-42EB957B654D}.Debug|Any CPU.Build.0 = Debug|Any CPU
		{FFEC205E-082F-4FAA-84FA-42EB957B654D}.Release|Any CPU.ActiveCfg = Release|Any CPU
		{FFEC205E-082F-4FAA-84FA-42EB957B654D}.Release|Any CPU.Build.0 = Release|Any CPU
	EndGlobalSection
EndGlobal
